<Solution>
  <Project Path="../KeelteKoolV2.ApplicationServices/KeelteKoolV2.ApplicationServices.csproj" />
  <Project Path="../KeelteKoolV2.Core/KeelteKoolV2.Core.csproj" />
  <Project Path="../KeelteKoolV2.Data/KeelteKoolV2.Data.csproj" />
  <Project Path="../KeelteKoolV2.xUnitTesting/KeelteKoolV2.xUnitTesting.csproj" Id="a0d54aa4-c177-4449-8d9e-0a0b8b668389" />
  <Project Path="KeelteKoolV2.csproj" />
</Solution>
